# Code generated by scarb DO NOT EDIT.
version = 1

[[package]]
name = "alexandria_bytes"
version = "0.9.0"
source = "git+https://github.com/keep-starknet-strange/alexandria.git?tag=v0.9.0#2b04d3ff2a302b40d092ad68b2920f28792582eb"
dependencies = [
 "alexandria_data_structures",
 "alexandria_math",
]

[[package]]
name = "alexandria_data_structures"
version = "0.9.0"
source = "git+https://github.com/keep-starknet-strange/alexandria.git?tag=v0.9.0#2b04d3ff2a302b40d092ad68b2920f28792582eb"

[[package]]
name = "alexandria_encoding"
version = "0.9.0"
source = "git+https://github.com/keep-starknet-strange/alexandria.git?tag=v0.9.0#2b04d3ff2a302b40d092ad68b2920f28792582eb"
dependencies = [
 "alexandria_bytes",
 "alexandria_data_structures",
 "alexandria_math",
 "alexandria_numeric",
]

[[package]]
name = "alexandria_math"
version = "0.9.0"
source = "git+https://github.com/keep-starknet-strange/alexandria.git?tag=v0.9.0#2b04d3ff2a302b40d092ad68b2920f28792582eb"

[[package]]
name = "alexandria_numeric"
version = "0.9.0"
source = "git+https://github.com/keep-starknet-strange/alexandria.git?tag=v0.9.0#2b04d3ff2a302b40d092ad68b2920f28792582eb"
dependencies = [
 "alexandria_math",
 "alexandria_searching",
]

[[package]]
name = "alexandria_searching"
version = "0.9.0"
source = "git+https://github.com/keep-starknet-strange/alexandria.git?tag=v0.9.0#2b04d3ff2a302b40d092ad68b2920f28792582eb"
dependencies = [
 "alexandria_data_structures",
]

[[package]]
name = "dojo"
version = "1.8.0"
source = "registry+https://scarbs.xyz/"
checksum = "sha256:a9c35305a81e68a49de85b8f07c1f8a93e27492c6b16c304d1f7961dcd5d350f"
dependencies = [
 "dojo_cairo_macros",
]

[[package]]
name = "dojo_cairo_macros"
version = "1.8.0"
source = "registry+https://scarbs.xyz/"
checksum = "sha256:c4aa04037a0c5029b05b78229dae22bf02269b9912e8a8c12f8af34aa6b72051"

[[package]]
name = "dojo_cairo_test"
version = "1.8.0"
source = "registry+https://scarbs.xyz/"
checksum = "sha256:0cab4c86390b6ee9c3969b82d27f46ecd7f14e686b9868528506103944638465"
dependencies = [
 "dojo",
]

[[package]]
name = "ekubo"
version = "0.1.0"
source = "git+https://github.com/EkuboProtocol/starknet-contracts.git?tag=v4.0.1#3db234ee0c4a9e1709677f6180186d37a356a14e"

[[package]]
name = "game_components_embeddable_game_standard"
version = "1.5.1"
source = "git+https://github.com/Provable-Games/game-components.git?branch=next#372b00d888c592abf6b7710fa1a41b6c2b5e60bd"
dependencies = [
 "game_components_interfaces",
 "game_components_metagame",
 "game_components_utilities",
 "openzeppelin_access",
 "openzeppelin_interfaces",
 "openzeppelin_introspection",
 "openzeppelin_token",
]

[[package]]
name = "game_components_interfaces"
version = "1.5.1"
source = "git+https://github.com/Provable-Games/game-components.git?branch=next#372b00d888c592abf6b7710fa1a41b6c2b5e60bd"
dependencies = [
 "ekubo",
 "interfaces",
]

[[package]]
name = "game_components_metagame"
version = "1.5.1"
source = "git+https://github.com/Provable-Games/game-components.git?branch=next#372b00d888c592abf6b7710fa1a41b6c2b5e60bd"
dependencies = [
 "game_components_interfaces",
 "game_components_utilities",
 "interfaces",
 "openzeppelin_interfaces",
 "openzeppelin_introspection",
]

[[package]]
name = "game_components_utilities"
version = "1.5.1"
source = "git+https://github.com/Provable-Games/game-components.git?branch=next#372b00d888c592abf6b7710fa1a41b6c2b5e60bd"
dependencies = [
 "alexandria_encoding",
 "game_components_embeddable_game_standard",
 "game_components_interfaces",
 "graffiti",
]

[[package]]
name = "graffiti"
version = "0.1.0"
source = "git+https://github.com/Provable-Games/graffiti#085657596d0779299f1087bbf139a9fe8e5e71b4"

[[package]]
name = "interfaces"
version = "0.1.0"
source = "git+https://github.com/Provable-Games/metagame_extensions.git?branch=next#73021b79e97042ba32c8c3760df94f90f9dc7b11"

[[package]]
name = "openzeppelin_access"
version = "3.0.0"
source = "git+https://github.com/OpenZeppelin/cairo-contracts.git?tag=v3.0.0#ddd3338e787a3fbf4a92b366640a57ee364390cb"
dependencies = [
 "openzeppelin_interfaces",
 "openzeppelin_introspection",
]

[[package]]
name = "openzeppelin_interfaces"
version = "2.1.0"
source = "git+https://github.com/OpenZeppelin/cairo-contracts.git?tag=v3.0.0#ddd3338e787a3fbf4a92b366640a57ee364390cb"

[[package]]
name = "openzeppelin_introspection"
version = "3.0.0"
source = "git+https://github.com/OpenZeppelin/cairo-contracts.git?tag=v3.0.0#ddd3338e787a3fbf4a92b366640a57ee364390cb"
dependencies = [
 "openzeppelin_interfaces",
]

[[package]]
name = "openzeppelin_token"
version = "3.0.0"
source = "git+https://github.com/OpenZeppelin/cairo-contracts.git?tag=v3.0.0#ddd3338e787a3fbf4a92b366640a57ee364390cb"
dependencies = [
 "openzeppelin_access",
 "openzeppelin_interfaces",
 "openzeppelin_introspection",
 "openzeppelin_utils",
]

[[package]]
name = "openzeppelin_utils"
version = "2.1.0"
source = "git+https://github.com/OpenZeppelin/cairo-contracts.git?tag=v3.0.0#ddd3338e787a3fbf4a92b366640a57ee364390cb"
dependencies = [
 "openzeppelin_interfaces",
]

[[package]]
name = "origami_random"
version = "1.1.2"
source = "git+https://github.com/dojoengine/origami?tag=v1.7.0#1ddafcb8c33fe9697c4a44e0557967026d4eeba8"

[[package]]
name = "ticket"
version = "1.2.0"
dependencies = [
 "openzeppelin_access",
 "openzeppelin_introspection",
 "openzeppelin_token",
]

[[package]]
name = "zkube"
version = "1.2.0"
dependencies = [
 "alexandria_encoding",
 "alexandria_math",
 "dojo",
 "dojo_cairo_test",
 "game_components_embeddable_game_standard",
 "graffiti",
 "openzeppelin_access",
 "openzeppelin_introspection",
 "openzeppelin_token",
 "origami_random",
]
