# Code generated by scarb DO NOT EDIT.
version = 1

[[package]]
name = "achievement"
version = "0.0.0"
source = "git+https://github.com/rsodre/arcade?branch=dojo_v1.5.0#119118ce439ad9fe96f1bf066d1c819fedf777f2"
dependencies = [
 "dojo",
]

[[package]]
name = "alexandria_bytes"
version = "0.3.0"
source = "git+https://github.com/keep-starknet-strange/alexandria.git?tag=v0.3.0#e3715428c990665afc495b5428ef08ab9a2089cd"
dependencies = [
 "alexandria_data_structures",
 "alexandria_math",
]

[[package]]
name = "alexandria_data_structures"
version = "0.3.0"
source = "git+https://github.com/keep-starknet-strange/alexandria.git?tag=v0.3.0#e3715428c990665afc495b5428ef08ab9a2089cd"

[[package]]
name = "alexandria_encoding"
version = "0.3.0"
source = "git+https://github.com/keep-starknet-strange/alexandria.git?tag=v0.3.0#e3715428c990665afc495b5428ef08ab9a2089cd"
dependencies = [
 "alexandria_bytes",
 "alexandria_data_structures",
 "alexandria_math",
 "alexandria_numeric",
]

[[package]]
name = "alexandria_math"
version = "0.3.0"
source = "git+https://github.com/keep-starknet-strange/alexandria.git?tag=v0.3.0#e3715428c990665afc495b5428ef08ab9a2089cd"

[[package]]
name = "alexandria_numeric"
version = "0.3.0"
source = "git+https://github.com/keep-starknet-strange/alexandria.git?tag=v0.3.0#e3715428c990665afc495b5428ef08ab9a2089cd"
dependencies = [
 "alexandria_math",
 "alexandria_searching",
]

[[package]]
name = "alexandria_searching"
version = "0.3.0"
source = "git+https://github.com/keep-starknet-strange/alexandria.git?tag=v0.3.0#e3715428c990665afc495b5428ef08ab9a2089cd"
dependencies = [
 "alexandria_data_structures",
]

[[package]]
name = "dojo"
version = "1.5.0"
source = "git+https://github.com/dojoengine/dojo?tag=v1.5.0#812f17c9c57fd057d0bf1e648a591ea0ca9ea718"
dependencies = [
 "dojo_plugin",
]

[[package]]
name = "dojo_cairo_test"
version = "1.0.12"
source = "git+https://github.com/dojoengine/dojo?tag=v1.5.0#812f17c9c57fd057d0bf1e648a591ea0ca9ea718"
dependencies = [
 "dojo",
]

[[package]]
name = "dojo_plugin"
version = "2.10.1"
source = "git+https://github.com/dojoengine/dojo?tag=v1.5.0#812f17c9c57fd057d0bf1e648a591ea0ca9ea718"

[[package]]
name = "graffiti"
version = "0.1.0"
source = "git+https://github.com/rsodre/graffiti?rev=url#e8b0854798ebbcebde504ea299ed556900564ff2"

[[package]]
name = "openzeppelin_access"
version = "1.0.0"
source = "git+https://github.com/OpenZeppelin/cairo-contracts.git?tag=v1.0.0#755ce1adbf8d89ed23fbb8daa328fcbeab7c6424"
dependencies = [
 "openzeppelin_introspection",
 "openzeppelin_utils",
]

[[package]]
name = "openzeppelin_account"
version = "1.0.0"
source = "git+https://github.com/OpenZeppelin/cairo-contracts.git?tag=v1.0.0#755ce1adbf8d89ed23fbb8daa328fcbeab7c6424"
dependencies = [
 "openzeppelin_introspection",
 "openzeppelin_utils",
]

[[package]]
name = "openzeppelin_introspection"
version = "1.0.0"
source = "git+https://github.com/OpenZeppelin/cairo-contracts.git?tag=v1.0.0#755ce1adbf8d89ed23fbb8daa328fcbeab7c6424"

[[package]]
name = "openzeppelin_token"
version = "1.0.0"
source = "git+https://github.com/OpenZeppelin/cairo-contracts.git?tag=v1.0.0#755ce1adbf8d89ed23fbb8daa328fcbeab7c6424"
dependencies = [
 "openzeppelin_access",
 "openzeppelin_account",
 "openzeppelin_introspection",
 "openzeppelin_utils",
]

[[package]]
name = "openzeppelin_utils"
version = "1.0.0"
source = "git+https://github.com/OpenZeppelin/cairo-contracts.git?tag=v1.0.0#755ce1adbf8d89ed23fbb8daa328fcbeab7c6424"

[[package]]
name = "origami_random"
version = "1.1.2"
source = "git+https://github.com/dojoengine/origami?tag=v1.5.0#1aba33f09e326d2f2645ff93fac1e9febc64ac1d"

[[package]]
name = "tournaments"
version = "0.0.1"
source = "git+https://github.com/Matth26/tournaments#9b867a3dbe2b68da596331c0730d7db38504f977"
dependencies = [
 "dojo",
 "openzeppelin_introspection",
 "openzeppelin_token",
]

[[package]]
name = "zkube"
version = "1.1.0"
dependencies = [
 "achievement",
 "alexandria_encoding",
 "alexandria_math",
 "dojo",
 "dojo_cairo_test",
 "graffiti",
 "openzeppelin_introspection",
 "openzeppelin_token",
 "origami_random",
 "tournaments",
]
