# Code generated by scarb DO NOT EDIT.
version = 1

[[package]]
name = "alexandria_bytes"
version = "0.1.0"
source = "git+https://github.com/keep-starknet-strange/alexandria?rev=78b0d51#78b0d5114e7dbd71e79c4504e8ecb56d9b5c6995"
dependencies = [
 "alexandria_data_structures",
 "alexandria_math",
]

[[package]]
name = "alexandria_data_structures"
version = "0.2.0"
source = "git+https://github.com/keep-starknet-strange/alexandria?rev=78b0d51#78b0d5114e7dbd71e79c4504e8ecb56d9b5c6995"
dependencies = [
 "alexandria_encoding",
]

[[package]]
name = "alexandria_encoding"
version = "0.1.0"
source = "git+https://github.com/keep-starknet-strange/alexandria?rev=78b0d51#78b0d5114e7dbd71e79c4504e8ecb56d9b5c6995"
dependencies = [
 "alexandria_bytes",
 "alexandria_math",
 "alexandria_numeric",
]

[[package]]
name = "alexandria_math"
version = "0.2.0"
source = "git+https://github.com/keep-starknet-strange/alexandria?rev=78b0d51#78b0d5114e7dbd71e79c4504e8ecb56d9b5c6995"
dependencies = [
 "alexandria_data_structures",
]

[[package]]
name = "alexandria_numeric"
version = "0.1.0"
source = "git+https://github.com/keep-starknet-strange/alexandria?rev=78b0d51#78b0d5114e7dbd71e79c4504e8ecb56d9b5c6995"
dependencies = [
 "alexandria_math",
 "alexandria_searching",
]

[[package]]
name = "alexandria_searching"
version = "0.1.0"
source = "git+https://github.com/keep-starknet-strange/alexandria?rev=78b0d51#78b0d5114e7dbd71e79c4504e8ecb56d9b5c6995"
dependencies = [
 "alexandria_data_structures",
]

[[package]]
name = "dojo"
version = "1.0.0-rc.0"
source = "git+https://github.com/dojoengine/dojo?tag=v1.0.0-rc.1#c789997f1a7cf5628d6b3fc01ce2851fca7a35bf"
dependencies = [
 "dojo_plugin",
]

[[package]]
name = "dojo_cairo_test"
version = "1.0.0-rc.0"
source = "git+https://github.com/dojoengine/dojo?tag=v1.0.0-rc.1#c789997f1a7cf5628d6b3fc01ce2851fca7a35bf"
dependencies = [
 "dojo",
]

[[package]]
name = "dojo_plugin"
version = "2.8.4"
source = "git+https://github.com/dojoengine/dojo?tag=v1.0.0-rc.1#c789997f1a7cf5628d6b3fc01ce2851fca7a35bf"

[[package]]
name = "origami_random"
version = "1.0.0-alpha.19"
source = "git+https://github.com/dojoengine/origami?tag=v1.0.0-alpha.19#3b9915f4befcd9b20cd014c0e93d5adff7bed6dd"

[[package]]
name = "stark_vrf"
version = "0.1.0"
source = "git+https://github.com/dojoengine/stark-vrf?rev=5a9e81e#5a9e81ea24e7081fa5c5be9e072fbc24f9897201"

[[package]]
name = "zkube"
version = "1.0.0-rc.1"
dependencies = [
 "alexandria_math",
 "dojo",
 "dojo_cairo_test",
 "origami_random",
 "stark_vrf",
]
