# Code generated by scarb DO NOT EDIT.
version = 1

[[package]]
name = "alexandria_bytes"
version = "0.1.0"
source = "git+https://github.com/keep-starknet-strange/alexandria?rev=78b0d51#78b0d5114e7dbd71e79c4504e8ecb56d9b5c6995"
dependencies = [
 "alexandria_data_structures",
 "alexandria_math",
]

[[package]]
name = "alexandria_data_structures"
version = "0.2.0"
source = "git+https://github.com/keep-starknet-strange/alexandria?rev=78b0d51#78b0d5114e7dbd71e79c4504e8ecb56d9b5c6995"
dependencies = [
 "alexandria_encoding",
]

[[package]]
name = "alexandria_encoding"
version = "0.1.0"
source = "git+https://github.com/keep-starknet-strange/alexandria?rev=78b0d51#78b0d5114e7dbd71e79c4504e8ecb56d9b5c6995"
dependencies = [
 "alexandria_bytes",
 "alexandria_math",
 "alexandria_numeric",
]

[[package]]
name = "alexandria_math"
version = "0.2.0"
source = "git+https://github.com/keep-starknet-strange/alexandria?rev=78b0d51#78b0d5114e7dbd71e79c4504e8ecb56d9b5c6995"
dependencies = [
 "alexandria_data_structures",
]

[[package]]
name = "alexandria_numeric"
version = "0.1.0"
source = "git+https://github.com/keep-starknet-strange/alexandria?rev=78b0d51#78b0d5114e7dbd71e79c4504e8ecb56d9b5c6995"
dependencies = [
 "alexandria_math",
 "alexandria_searching",
]

[[package]]
name = "alexandria_searching"
version = "0.1.0"
source = "git+https://github.com/keep-starknet-strange/alexandria?rev=78b0d51#78b0d5114e7dbd71e79c4504e8ecb56d9b5c6995"
dependencies = [
 "alexandria_data_structures",
]

[[package]]
name = "arcade_trophy"
version = "0.0.0"
source = "git+https://github.com/cartridge-gg/arcade?tag=v1.0.1#7efb540350e03b56b883fb6e87837fd870f58f47"
dependencies = [
 "dojo",
]

[[package]]
name = "dojo"
version = "1.0.1"
source = "git+https://github.com/dojoengine/dojo?tag=v1.0.1#d7335e6f5c76a1dda887ec00c594c2c019b4a05f"
dependencies = [
 "dojo_plugin",
]

[[package]]
name = "dojo_cairo_test"
version = "1.0.0-rc.0"
source = "git+https://github.com/dojoengine/dojo?tag=v1.0.1#d7335e6f5c76a1dda887ec00c594c2c019b4a05f"
dependencies = [
 "dojo",
]

[[package]]
name = "dojo_plugin"
version = "2.8.4"
source = "git+https://github.com/dojoengine/dojo?tag=v1.0.1#d7335e6f5c76a1dda887ec00c594c2c019b4a05f"

[[package]]
name = "openzeppelin"
version = "0.18.0"
source = "registry+https://scarbs.xyz/"
checksum = "sha256:878cc6da762e90f0f586f426b16d6c4c087e41de24a9f7b2f5c30b7ac9f96171"
dependencies = [
 "openzeppelin_access",
 "openzeppelin_account",
 "openzeppelin_finance",
 "openzeppelin_governance",
 "openzeppelin_introspection",
 "openzeppelin_merkle_tree",
 "openzeppelin_presets",
 "openzeppelin_security",
 "openzeppelin_token",
 "openzeppelin_upgrades",
 "openzeppelin_utils",
]

[[package]]
name = "openzeppelin_access"
version = "0.18.0"
source = "registry+https://scarbs.xyz/"
checksum = "sha256:424314072ae27d5b6f4264472a5c403711448ea62763a661b89e6ff5f23297fd"
dependencies = [
 "openzeppelin_introspection",
 "openzeppelin_utils",
]

[[package]]
name = "openzeppelin_account"
version = "0.18.0"
source = "registry+https://scarbs.xyz/"
checksum = "sha256:83e6571cac4c67049c8d0ab4e3c7ad146d582d7605e7354248835833e1d26c4a"
dependencies = [
 "openzeppelin_introspection",
 "openzeppelin_utils",
]

[[package]]
name = "openzeppelin_finance"
version = "0.18.0"
source = "registry+https://scarbs.xyz/"
checksum = "sha256:231eb9ff52dc9a5d0708ed14bf091cecf221e8c7a8bc015067d262f52564b2d4"
dependencies = [
 "openzeppelin_access",
 "openzeppelin_token",
]

[[package]]
name = "openzeppelin_governance"
version = "0.18.0"
source = "registry+https://scarbs.xyz/"
checksum = "sha256:88ef4007fb9665971f10a5fd4e8320ca20570808cb2c9ca5d8f7f95805834d5d"
dependencies = [
 "openzeppelin_access",
 "openzeppelin_account",
 "openzeppelin_introspection",
 "openzeppelin_token",
]

[[package]]
name = "openzeppelin_introspection"
version = "0.18.0"
source = "registry+https://scarbs.xyz/"
checksum = "sha256:46c4cc6c95c9baa4c7d5cc0ed2bdaf334f46c25a8c92b3012829fff936e3042b"

[[package]]
name = "openzeppelin_merkle_tree"
version = "0.18.0"
source = "registry+https://scarbs.xyz/"
checksum = "sha256:19b7baac7de27aaf997847c86ab331873dcebcaee74873778256b36f488de192"

[[package]]
name = "openzeppelin_presets"
version = "0.18.0"
source = "registry+https://scarbs.xyz/"
checksum = "sha256:b95723242e7aeba4145b4f259168f751d4886c1a1195d2e0a52e0a0761b6c26d"
dependencies = [
 "openzeppelin_access",
 "openzeppelin_account",
 "openzeppelin_finance",
 "openzeppelin_introspection",
 "openzeppelin_token",
 "openzeppelin_upgrades",
 "openzeppelin_utils",
]

[[package]]
name = "openzeppelin_security"
version = "0.18.0"
source = "registry+https://scarbs.xyz/"
checksum = "sha256:1db3a41e02ed48806587981340ed01ee7d552c3ad52cb33a6d81c1ed5cba9ee0"

[[package]]
name = "openzeppelin_token"
version = "0.18.0"
source = "registry+https://scarbs.xyz/"
checksum = "sha256:eafbe13f6a0487ce212459e25a81ae07f340ba76208ad4616626eb2d25a9625e"
dependencies = [
 "openzeppelin_account",
 "openzeppelin_introspection",
 "openzeppelin_utils",
]

[[package]]
name = "openzeppelin_upgrades"
version = "0.18.0"
source = "registry+https://scarbs.xyz/"
checksum = "sha256:33c9d0865364fc18a5e7b471fe53c3b0f3e0aec56a94f435089638fad2a4a35b"

[[package]]
name = "openzeppelin_utils"
version = "0.18.0"
source = "registry+https://scarbs.xyz/"
checksum = "sha256:725b212839f3eddc32791408609099c5e808c167ca0cf331d8c1d778b07a4e21"

[[package]]
name = "origami_random"
version = "1.0.0-rc.2"
source = "git+https://github.com/dojoengine/origami?tag=v1.0.1#8e9a2bd3a3c0624102243d3956b31809aa532581"

[[package]]
name = "stark_vrf"
version = "0.1.0"
source = "git+https://github.com/dojoengine/stark-vrf?rev=5a9e81e#5a9e81ea24e7081fa5c5be9e072fbc24f9897201"

[[package]]
name = "zkube"
version = "1.0.1"
dependencies = [
 "alexandria_math",
 "arcade_trophy",
 "dojo",
 "dojo_cairo_test",
 "openzeppelin",
 "openzeppelin_token",
 "origami_random",
 "stark_vrf",
]
